
Microsoft Visual Studio Solution File, Format Version 12.00
# Visual Studio Version 16
VisualStudioVersion = 16.0.30621.155
MinimumVisualStudioVersion = 10.0.40219.1
Project("{FAE04EC0-301F-11D3-BF4B-00C04F79EFBC}") = "RestaurantRater", "RestaurantRater\RestaurantRater.csproj", "{707CE804-BE28-4B0F-8A43-3C4DFA0CA2AE}"
EndProject
Global
	GlobalSection(SolutionConfigurationPlatforms) = preSolution
		Debug|Any CPU = Debug|Any CPU
		Release|Any CPU = Release|Any CPU
	EndGlobalSection
	GlobalSection(ProjectConfigurationPlatforms) = postSolution
		{707CE804-BE28-4B0F-8A43-3C4DFA0CA2AE}.Debug|Any CPU.ActiveCfg = Debug|Any CPU
		{707CE804-BE28-4B0F-8A43-3C4DFA0CA2AE}.Debug|Any CPU.Build.0 = Debug|Any CPU
		{707CE804-BE28-4B0F-8A43-3C4DFA0CA2AE}.Release|Any CPU.ActiveCfg = Release|Any CPU
		{707CE804-BE28-4B0F-8A43-3C4DFA0CA2AE}.Release|Any CPU.Build.0 = Release|Any CPU
	EndGlobalSection
	GlobalSection(SolutionProperties) = preSolution
		HideSolutionNode = FALSE
	EndGlobalSection
	GlobalSection(ExtensibilityGlobals) = postSolution
		SolutionGuid = {87842CD1-4962-4CB9-AB07-B289727B4C4B}
	EndGlobalSection
EndGlobal
